
Microsoft Visual Studio Solution File, Format Version 12.00
# Visual Studio 15
VisualStudioVersion = 15.0.28307.438
MinimumVisualStudioVersion = 10.0.40219.1
Project("{FAE04EC0-301F-11D3-BF4B-00C04F79EFBC}") = "EditorDeImagenes", "EditorDeImagenes\EditorDeImagenes.csproj", "{E2F7D1D9-A985-46D9-B1A3-9FDD130D45AE}"
EndProject
Global
	GlobalSection(SolutionConfigurationPlatforms) = preSolution
		Debug|Any CPU = Debug|Any CPU
		Release|Any CPU = Release|Any CPU
	EndGlobalSection
	GlobalSection(ProjectConfigurationPlatforms) = postSolution
		{E2F7D1D9-A985-46D9-B1A3-9FDD130D45AE}.Debug|Any CPU.ActiveCfg = Debug|Any CPU
		{E2F7D1D9-A985-46D9-B1A3-9FDD130D45AE}.Debug|Any CPU.Build.0 = Debug|Any CPU
		{E2F7D1D9-A985-46D9-B1A3-9FDD130D45AE}.Release|Any CPU.ActiveCfg = Release|Any CPU
		{E2F7D1D9-A985-46D9-B1A3-9FDD130D45AE}.Release|Any CPU.Build.0 = Release|Any CPU
	EndGlobalSection
	GlobalSection(SolutionProperties) = preSolution
		HideSolutionNode = FALSE
	EndGlobalSection
	GlobalSection(ExtensibilityGlobals) = postSolution
		SolutionGuid = {3B836CC2-A70A-4797-B500-2330A16CCE05}
	EndGlobalSection
EndGlobal
